
Microsoft Visual Studio Solution File, Format Version 12.00
# Visual Studio Version 18
VisualStudioVersion = 18.6.11806.211
MinimumVisualStudioVersion = 10.0.40219.1
Project("{8BC9CEB8-8B4A-11D0-8D11-00A0C91BC942}") = "ReflectiveDLL", "ReflectiveDLL\ReflectiveDLL.vcxproj", "{97B15262-13E5-4032-95A8-29E79612146F}"
EndProject
Project("{2150E333-8FDC-42A3-9474-1A3956D46DE8}") = "解决方案项", "解决方案项", "{9FA3D6BD-1EC1-3BA5-80CB-CE02773A58D5}"
	ProjectSection(SolutionItems) = preProject
		README.md = README.md
	EndProjectSection
EndProject
Project("{8BC9CEB8-8B4A-11D0-8D11-00A0C91BC942}") = "CppInjector", "CppInjector\CppInjector.vcxproj", "{281131E0-F8F1-431D-91D1-8C2B04FC3BD3}"
EndProject
Project("{8BC9CEB8-8B4A-11D0-8D11-00A0C91BC942}") = "Shellcode", "Shellcode\Shellcode.vcxproj", "{CB721B44-765E-43C0-904C-0804DC579119}"
EndProject
Project("{8BC9CEB8-8B4A-11D0-8D11-00A0C91BC942}") = "RfdllLoader", "RfdllLoader\RfdllLoader.vcxproj", "{3F5A7C21-9D84-4E6B-8A17-5C2E0B9D4F63}"
EndProject
Project("{8BC9CEB8-8B4A-11D0-8D11-00A0C91BC942}") = "RfdllLoaderTest", "RfdllLoader\test\RfdllLoaderTest.vcxproj", "{4C1B8E77-2A63-4D91-9F58-7B0E3C6D2A15}"
EndProject
Global
	GlobalSection(SolutionConfigurationPlatforms) = preSolution
		Debug|Any CPU = Debug|Any CPU
		Debug|x64 = Debug|x64
		Debug|x86 = Debug|x86
		Release|Any CPU = Release|Any CPU
		Release|x64 = Release|x64
		Release|x86 = Release|x86
	EndGlobalSection
	GlobalSection(ProjectConfigurationPlatforms) = postSolution
		{97B15262-13E5-4032-95A8-29E79612146F}.Debug|Any CPU.ActiveCfg = Debug|x64
		{97B15262-13E5-4032-95A8-29E79612146F}.Debug|Any CPU.Build.0 = Debug|x64
		{97B15262-13E5-4032-95A8-29E79612146F}.Debug|x64.ActiveCfg = Debug|x64
		{97B15262-13E5-4032-95A8-29E79612146F}.Debug|x64.Build.0 = Debug|x64
		{97B15262-13E5-4032-95A8-29E79612146F}.Debug|x86.ActiveCfg = Debug|Win32
		{97B15262-13E5-4032-95A8-29E79612146F}.Debug|x86.Build.0 = Debug|Win32
		{97B15262-13E5-4032-95A8-29E79612146F}.Release|Any CPU.ActiveCfg = Release|x64
		{97B15262-13E5-4032-95A8-29E79612146F}.Release|Any CPU.Build.0 = Release|x64
		{97B15262-13E5-4032-95A8-29E79612146F}.Release|x64.ActiveCfg = Release|x64
		{97B15262-13E5-4032-95A8-29E79612146F}.Release|x64.Build.0 = Release|x64
		{97B15262-13E5-4032-95A8-29E79612146F}.Release|x86.ActiveCfg = Release|Win32
		{97B15262-13E5-4032-95A8-29E79612146F}.Release|x86.Build.0 = Release|Win32
		{281131E0-F8F1-431D-91D1-8C2B04FC3BD3}.Debug|Any CPU.ActiveCfg = Debug|x64
		{281131E0-F8F1-431D-91D1-8C2B04FC3BD3}.Debug|Any CPU.Build.0 = Debug|x64
		{281131E0-F8F1-431D-91D1-8C2B04FC3BD3}.Debug|x64.ActiveCfg = Debug|x64
		{281131E0-F8F1-431D-91D1-8C2B04FC3BD3}.Debug|x64.Build.0 = Debug|x64
		{281131E0-F8F1-431D-91D1-8C2B04FC3BD3}.Debug|x86.ActiveCfg = Debug|Win32
		{281131E0-F8F1-431D-91D1-8C2B04FC3BD3}.Debug|x86.Build.0 = Debug|Win32
		{281131E0-F8F1-431D-91D1-8C2B04FC3BD3}.Release|Any CPU.ActiveCfg = Release|x64
		{281131E0-F8F1-431D-91D1-8C2B04FC3BD3}.Release|Any CPU.Build.0 = Release|x64
		{281131E0-F8F1-431D-91D1-8C2B04FC3BD3}.Release|x64.ActiveCfg = Release|x64
		{281131E0-F8F1-431D-91D1-8C2B04FC3BD3}.Release|x64.Build.0 = Release|x64
		{281131E0-F8F1-431D-91D1-8C2B04FC3BD3}.Release|x86.ActiveCfg = Release|Win32
		{281131E0-F8F1-431D-91D1-8C2B04FC3BD3}.Release|x86.Build.0 = Release|Win32
		{CB721B44-765E-43C0-904C-0804DC579119}.Debug|Any CPU.ActiveCfg = Debug|x64
		{CB721B44-765E-43C0-904C-0804DC579119}.Debug|Any CPU.Build.0 = Debug|x64
		{CB721B44-765E-43C0-904C-0804DC579119}.Debug|x64.ActiveCfg = Debug|x64
		{CB721B44-765E-43C0-904C-0804DC579119}.Debug|x64.Build.0 = Debug|x64
		{CB721B44-765E-43C0-904C-0804DC579119}.Debug|x86.ActiveCfg = Debug|Win32
		{CB721B44-765E-43C0-904C-0804DC579119}.Debug|x86.Build.0 = Debug|Win32
		{CB721B44-765E-43C0-904C-0804DC579119}.Release|Any CPU.ActiveCfg = Release|x64
		{CB721B44-765E-43C0-904C-0804DC579119}.Release|Any CPU.Build.0 = Release|x64
		{CB721B44-765E-43C0-904C-0804DC579119}.Release|x64.ActiveCfg = Release|x64
		{CB721B44-765E-43C0-904C-0804DC579119}.Release|x64.Build.0 = Release|x64
		{CB721B44-765E-43C0-904C-0804DC579119}.Release|x86.ActiveCfg = Release|Win32
		{CB721B44-765E-43C0-904C-0804DC579119}.Release|x86.Build.0 = Release|Win32
{3F5A7C21-9D84-4E6B-8A17-5C2E0B9D4F63}.Debug|Any CPU.ActiveCfg = Debug|x64
{3F5A7C21-9D84-4E6B-8A17-5C2E0B9D4F63}.Debug|Any CPU.Build.0 = Debug|x64
{3F5A7C21-9D84-4E6B-8A17-5C2E0B9D4F63}.Debug|x64.ActiveCfg = Debug|x64
{3F5A7C21-9D84-4E6B-8A17-5C2E0B9D4F63}.Debug|x64.Build.0 = Debug|x64
{3F5A7C21-9D84-4E6B-8A17-5C2E0B9D4F63}.Debug|x86.ActiveCfg = Debug|Win32
{3F5A7C21-9D84-4E6B-8A17-5C2E0B9D4F63}.Debug|x86.Build.0 = Debug|Win32
{3F5A7C21-9D84-4E6B-8A17-5C2E0B9D4F63}.Release|Any CPU.ActiveCfg = Release|x64
{3F5A7C21-9D84-4E6B-8A17-5C2E0B9D4F63}.Release|Any CPU.Build.0 = Release|x64
{3F5A7C21-9D84-4E6B-8A17-5C2E0B9D4F63}.Release|x64.ActiveCfg = Release|x64
{3F5A7C21-9D84-4E6B-8A17-5C2E0B9D4F63}.Release|x64.Build.0 = Release|x64
{3F5A7C21-9D84-4E6B-8A17-5C2E0B9D4F63}.Release|x86.ActiveCfg = Release|Win32
{3F5A7C21-9D84-4E6B-8A17-5C2E0B9D4F63}.Release|x86.Build.0 = Release|Win32
{4C1B8E77-2A63-4D91-9F58-7B0E3C6D2A15}.Debug|Any CPU.ActiveCfg = Debug|x64
{4C1B8E77-2A63-4D91-9F58-7B0E3C6D2A15}.Debug|Any CPU.Build.0 = Debug|x64
{4C1B8E77-2A63-4D91-9F58-7B0E3C6D2A15}.Debug|x64.ActiveCfg = Debug|x64
{4C1B8E77-2A63-4D91-9F58-7B0E3C6D2A15}.Debug|x64.Build.0 = Debug|x64
{4C1B8E77-2A63-4D91-9F58-7B0E3C6D2A15}.Debug|x86.ActiveCfg = Debug|Win32
{4C1B8E77-2A63-4D91-9F58-7B0E3C6D2A15}.Debug|x86.Build.0 = Debug|Win32
{4C1B8E77-2A63-4D91-9F58-7B0E3C6D2A15}.Release|Any CPU.ActiveCfg = Release|x64
{4C1B8E77-2A63-4D91-9F58-7B0E3C6D2A15}.Release|Any CPU.Build.0 = Release|x64
{4C1B8E77-2A63-4D91-9F58-7B0E3C6D2A15}.Release|x64.ActiveCfg = Release|x64
{4C1B8E77-2A63-4D91-9F58-7B0E3C6D2A15}.Release|x64.Build.0 = Release|x64
{4C1B8E77-2A63-4D91-9F58-7B0E3C6D2A15}.Release|x86.ActiveCfg = Release|Win32
{4C1B8E77-2A63-4D91-9F58-7B0E3C6D2A15}.Release|x86.Build.0 = Release|Win32
	EndGlobalSection
	GlobalSection(SolutionProperties) = preSolution
		HideSolutionNode = FALSE
	EndGlobalSection
	GlobalSection(ExtensibilityGlobals) = postSolution
		SolutionGuid = {C7513595-953B-463F-A72B-F364239B0EBF}
	EndGlobalSection
EndGlobal
